
Microsoft Visual Studio Solution File, Format Version 12.00
# Visual Studio 15
VisualStudioVersion = 15.0.28307.1062
MinimumVisualStudioVersion = 10.0.40219.1
Project("{8BC9CEB8-8B4A-11D0-8D11-00A0C91BC942}") = "wordCounting_sequential", "wordCounting_sequential\wordCounting_sequential.vcxproj", "{FCEB78C6-8BFA-4EC0-9667-7F3D9BA4D69A}"
EndProject
Global
	GlobalSection(SolutionConfigurationPlatforms) = preSolution
		Debug|x64 = Debug|x64
		Debug|x86 = Debug|x86
		Release|x64 = Release|x64
		Release|x86 = Release|x86
	EndGlobalSection
	GlobalSection(ProjectConfigurationPlatforms) = postSolution
		{FCEB78C6-8BFA-4EC0-9667-7F3D9BA4D69A}.Debug|x64.ActiveCfg = Debug|x64
		{FCEB78C6-8BFA-4EC0-9667-7F3D9BA4D69A}.Debug|x64.Build.0 = Debug|x64
		{FCEB78C6-8BFA-4EC0-9667-7F3D9BA4D69A}.Debug|x86.ActiveCfg = Debug|Win32
		{FCEB78C6-8BFA-4EC0-9667-7F3D9BA4D69A}.Debug|x86.Build.0 = Debug|Win32
		{FCEB78C6-8BFA-4EC0-9667-7F3D9BA4D69A}.Release|x64.ActiveCfg = Release|x64
		{FCEB78C6-8BFA-4EC0-9667-7F3D9BA4D69A}.Release|x64.Build.0 = Release|x64
		{FCEB78C6-8BFA-4EC0-9667-7F3D9BA4D69A}.Release|x86.ActiveCfg = Release|Win32
		{FCEB78C6-8BFA-4EC0-9667-7F3D9BA4D69A}.Release|x86.Build.0 = Release|Win32
	EndGlobalSection
	GlobalSection(SolutionProperties) = preSolution
		HideSolutionNode = FALSE
	EndGlobalSection
	GlobalSection(ExtensibilityGlobals) = postSolution
		SolutionGuid = {73B7C560-2370-4FB7-8D65-541302A62174}
	EndGlobalSection
EndGlobal
